// !$*UTF8*$!
{
	archiveVersion = 1;
	classes = {
	};
	objectVersion = 51;
	objects = {

/* Begin PBXBuildFile section */
		6551EA0F18C31837FEAB16A4 /* libPods-WeatherApp.a in Frameworks */ = {isa = PBXBuildFile; fileRef = 2E7BC29C5C39E888902DC7D9 /* libPods-WeatherApp.a */; };
		AA0E80EE241FB8BA00433543 /* WeatherCell.swift in Sources */ = {isa = PBXBuildFile; fileRef = AA0E80EC241FB8BA00433543 /* WeatherCell.swift */; };
		AA0E80EF241FB8BA00433543 /* WeatherCell.xib in Resources */ = {isa = PBXBuildFile; fileRef = AA0E80ED241FB8BA00433543 /* WeatherCell.xib */; };
		AA0E80F2241FBD5A00433543 /* Constants.swift in Sources */ = {isa = PBXBuildFile; fileRef = AA0E80F1241FBD5A00433543 /* Constants.swift */; };
		AA1264832420BC21001D6E1B /* Forecast.swift in Sources */ = {isa = PBXBuildFile; fileRef = AA1264822420BC21001D6E1B /* Forecast.swift */; };
		AA36609524212FA100FE2F84 /* Extension+Date.swift in Sources */ = {isa = PBXBuildFile; fileRef = AA36609424212FA100FE2F84 /* Extension+Date.swift */; };
		AA73A134241ED0930031049E /* AppDelegate.swift in Sources */ = {isa = PBXBuildFile; fileRef = AA73A133241ED0930031049E /* AppDelegate.swift */; };
		AA73A136241ED0930031049E /* SceneDelegate.swift in Sources */ = {isa = PBXBuildFile; fileRef = AA73A135241ED0930031049E /* SceneDelegate.swift */; };
		AA73A138241ED0930031049E /* MainVC.swift in Sources */ = {isa = PBXBuildFile; fileRef = AA73A137241ED0930031049E /* MainVC.swift */; };
		AA73A13B241ED0930031049E /* Main.storyboard in Resources */ = {isa = PBXBuildFile; fileRef = AA73A139241ED0930031049E /* Main.storyboard */; };
		AA73A13E241ED0930031049E /* WeatherApp.xcdatamodeld in Sources */ = {isa = PBXBuildFile; fileRef = AA73A13C241ED0930031049E /* WeatherApp.xcdatamodeld */; };
		AA73A140241ED0950031049E /* Assets.xcassets in Resources */ = {isa = PBXBuildFile; fileRef = AA73A13F241ED0950031049E /* Assets.xcassets */; };
		AA73A143241ED0950031049E /* LaunchScreen.storyboard in Resources */ = {isa = PBXBuildFile; fileRef = AA73A141241ED0950031049E /* LaunchScreen.storyboard */; };
		AAA3534B241FC3DB00AFB8C8 /* CurrentWeather.swift in Sources */ = {isa = PBXBuildFile; fileRef = AAA3534A241FC3DB00AFB8C8 /* CurrentWeather.swift */; };
		AAF43346242411B500181362 /* Location.swift in Sources */ = {isa = PBXBuildFile; fileRef = AAF43345242411B500181362 /* Location.swift */; };
/* End PBXBuildFile section */

/* Begin PBXFileReference section */
		2E7BC29C5C39E888902DC7D9 /* libPods-WeatherApp.a */ = {isa = PBXFileReference; explicitFileType = archive.ar; includeInIndex = 0; path = "libPods-WeatherApp.a"; sourceTree = BUILT_PRODUCTS_DIR; };
		80C3A7981E6E554A0B0CAC9C /* Pods-WeatherApp.debug.xcconfig */ = {isa = PBXFileReference; includeInIndex = 1; lastKnownFileType = text.xcconfig; name = "Pods-WeatherApp.debug.xcconfig"; path = "Target Support Files/Pods-WeatherApp/Pods-WeatherApp.debug.xcconfig"; sourceTree = "<group>"; };
		A13766D59AFE10BDC382D2E5 /* Pods-WeatherApp.release.xcconfig */ = {isa = PBXFileReference; includeInIndex = 1; lastKnownFileType = text.xcconfig; name = "Pods-WeatherApp.release.xcconfig"; path = "Target Support Files/Pods-WeatherApp/Pods-WeatherApp.release.xcconfig"; sourceTree = "<group>"; };
		AA0E80EC241FB8BA00433543 /* WeatherCell.swift */ = {isa = PBXFileReference; lastKnownFileType = sourcecode.swift; path = WeatherCell.swift; sourceTree = "<group>"; };
		AA0E80ED241FB8BA00433543 /* WeatherCell.xib */ = {isa = PBXFileReference; lastKnownFileType = file.xib; path = WeatherCell.xib; sourceTree = "<group>"; };
		AA0E80F1241FBD5A00433543 /* Constants.swift */ = {isa = PBXFileReference; lastKnownFileType = sourcecode.swift; path = Constants.swift; sourceTree = "<group>"; };
		AA1264822420BC21001D6E1B /* Forecast.swift */ = {isa = PBXFileReference; lastKnownFileType = sourcecode.swift; path = Forecast.swift; sourceTree = "<group>"; };
		AA36609424212FA100FE2F84 /* Extension+Date.swift */ = {isa = PBXFileReference; lastKnownFileType = sourcecode.swift; path = "Extension+Date.swift"; sourceTree = "<group>"; };
		AA73A130241ED0930031049E /* WeatherApp.app */ = {isa = PBXFileReference; explicitFileType = wrapper.application; includeInIndex = 0; path = WeatherApp.app; sourceTree = BUILT_PRODUCTS_DIR; };
		AA73A133241ED0930031049E /* AppDelegate.swift */ = {isa = PBXFileReference; lastKnownFileType = sourcecode.swift; path = AppDelegate.swift; sourceTree = "<group>"; };
		AA73A135241ED0930031049E /* SceneDelegate.swift */ = {isa = PBXFileReference; lastKnownFileType = sourcecode.swift; path = SceneDelegate.swift; sourceTree = "<group>"; };
		AA73A137241ED0930031049E /* MainVC.swift */ = {isa = PBXFileReference; lastKnownFileType = sourcecode.swift; path = MainVC.swift; sourceTree = "<group>"; };
		AA73A13A241ED0930031049E /* Base */ = {isa = PBXFileReference; lastKnownFileType = file.storyboard; name = Base; path = Base.lproj/Main.storyboard; sourceTree = "<group>"; };
		AA73A13D241ED0930031049E /* WeatherApp.xcdatamodel */ = {isa = PBXFileReference; lastKnownFileType = wrapper.xcdatamodel; path = WeatherApp.xcdatamodel; sourceTree = "<group>"; };
		AA73A13F241ED0950031049E /* Assets.xcassets */ = {isa = PBXFileReference; lastKnownFileType = folder.assetcatalog; path = Assets.xcassets; sourceTree = "<group>"; };
		AA73A142241ED0950031049E /* Base */ = {isa = PBXFileReference; lastKnownFileType = file.storyboard; name = Base; path = Base.lproj/LaunchScreen.storyboard; sourceTree = "<group>"; };
		AA73A144241ED0950031049E /* Info.plist */ = {isa = PBXFileReference; lastKnownFileType = text.plist.xml; path = Info.plist; sourceTree = "<group>"; };
		AAA3534A241FC3DB00AFB8C8 /* CurrentWeather.swift */ = {isa = PBXFileReference; lastKnownFileType = sourcecode.swift; path = CurrentWeather.swift; sourceTree = "<group>"; };
		AAF43345242411B500181362 /* Location.swift */ = {isa = PBXFileReference; lastKnownFileType = sourcecode.swift; path = Location.swift; sourceTree = "<group>"; };
/* End PBXFileReference section */

/* Begin PBXFrameworksBuildPhase section */
		AA73A12D241ED0930031049E /* Frameworks */ = {
			isa = PBXFrameworksBuildPhase;
			buildActionMask = 2147483647;
			files = (
				6551EA0F18C31837FEAB16A4 /* libPods-WeatherApp.a in Frameworks */,
			);
			runOnlyForDeploymentPostprocessing = 0;
		};
/* End PBXFrameworksBuildPhase section */

/* Begin PBXGroup section */
		A86CA091D0B5847009B7F8A0 /* Frameworks */ = {
			isa = PBXGroup;
			children = (
				2E7BC29C5C39E888902DC7D9 /* libPods-WeatherApp.a */,
			);
			name = Frameworks;
			sourceTree = "<group>";
		};
		AA0E80F0241FBD4900433543 /* SupportFiles */ = {
			isa = PBXGroup;
			children = (
				AA0E80F1241FBD5A00433543 /* Constants.swift */,
				AAF43345242411B500181362 /* Location.swift */,
			);
			path = SupportFiles;
			sourceTree = "<group>";
		};
		AA36609324212F8F00FE2F84 /* Extensions */ = {
			isa = PBXGroup;
			children = (
				AA36609424212FA100FE2F84 /* Extension+Date.swift */,
			);
			path = Extensions;
			sourceTree = "<group>";
		};
		AA51486A241ED295003CD6F4 /* Model */ = {
			isa = PBXGroup;
			children = (
				AAA3534A241FC3DB00AFB8C8 /* CurrentWeather.swift */,
				AA1264822420BC21001D6E1B /* Forecast.swift */,
				AA73A133241ED0930031049E /* AppDelegate.swift */,
			);
			path = Model;
			sourceTree = "<group>";
		};
		AA51486B241ED29E003CD6F4 /* View */ = {
			isa = PBXGroup;
			children = (
				AA0E80EC241FB8BA00433543 /* WeatherCell.swift */,
				AA0E80ED241FB8BA00433543 /* WeatherCell.xib */,
			);
			path = View;
			sourceTree = "<group>";
		};
		AA51486C241ED2A4003CD6F4 /* Controller */ = {
			isa = PBXGroup;
			children = (
				AA73A137241ED0930031049E /* MainVC.swift */,
			);
			path = Controller;
			sourceTree = "<group>";
		};
		AA73A127241ED0930031049E = {
			isa = PBXGroup;
			children = (
				AA73A132241ED0930031049E /* WeatherApp */,
				AA73A131241ED0930031049E /* Products */,
				D57C9CDB1B9FD086AB05676B /* Pods */,
				A86CA091D0B5847009B7F8A0 /* Frameworks */,
			);
			sourceTree = "<group>";
		};
		AA73A131241ED0930031049E /* Products */ = {
			isa = PBXGroup;
			children = (
				AA73A130241ED0930031049E /* WeatherApp.app */,
			);
			name = Products;
			sourceTree = "<group>";
		};
		AA73A132241ED0930031049E /* WeatherApp */ = {
			isa = PBXGroup;
			children = (
				AA36609324212F8F00FE2F84 /* Extensions */,
				AA0E80F0241FBD4900433543 /* SupportFiles */,
				AA51486C241ED2A4003CD6F4 /* Controller */,
				AA51486B241ED29E003CD6F4 /* View */,
				AA51486A241ED295003CD6F4 /* Model */,
				AA73A135241ED0930031049E /* SceneDelegate.swift */,
				AA73A139241ED0930031049E /* Main.storyboard */,
				AA73A13F241ED0950031049E /* Assets.xcassets */,
				AA73A141241ED0950031049E /* LaunchScreen.storyboard */,
				AA73A144241ED0950031049E /* Info.plist */,
				AA73A13C241ED0930031049E /* WeatherApp.xcdatamodeld */,
			);
			path = WeatherApp;
			sourceTree = "<group>";
		};
		D57C9CDB1B9FD086AB05676B /* Pods */ = {
			isa = PBXGroup;
			children = (
				80C3A7981E6E554A0B0CAC9C /* Pods-WeatherApp.debug.xcconfig */,
				A13766D59AFE10BDC382D2E5 /* Pods-WeatherApp.release.xcconfig */,
			);
			path = Pods;
			sourceTree = "<group>";
		};
/* End PBXGroup section */

/* Begin PBXNativeTarget section */
		AA73A12F241ED0930031049E /* WeatherApp */ = {
			isa = PBXNativeTarget;
			buildConfigurationList = AA73A147241ED0950031049E /* Build configuration list for PBXNativeTarget "WeatherApp" */;
			buildPhases = (
				7079CAB21661695F4532D3F1 /* [CP] Check Pods Manifest.lock */,
				AA73A12C241ED0930031049E /* Sources */,
				AA73A12D241ED0930031049E /* Frameworks */,
				AA73A12E241ED0930031049E /* Resources */,
			);
			buildRules = (
			);
			dependencies = (
			);
			name = WeatherApp;
			productName = WeatherApp;
			productReference = AA73A130241ED0930031049E /* WeatherApp.app */;
			productType = "com.apple.product-type.application";
		};
/* End PBXNativeTarget section */

/* Begin PBXProject section */
		AA73A128241ED0930031049E /* Project object */ = {
			isa = PBXProject;
			attributes = {
				LastSwiftUpdateCheck = 1130;
				LastUpgradeCheck = 1130;
				ORGANIZATIONNAME = "Stefan Milenkovic";
				TargetAttributes = {
					AA73A12F241ED0930031049E = {
						CreatedOnToolsVersion = 11.3.1;
					};
				};
			};
			buildConfigurationList = AA73A12B241ED0930031049E /* Build configuration list for PBXProject "WeatherApp" */;
			compatibilityVersion = "Xcode 9.3";
			developmentRegion = en;
			hasScannedForEncodings = 0;
			knownRegions = (
				en,
				Base,
			);
			mainGroup = AA73A127241ED0930031049E;
			productRefGroup = AA73A131241ED0930031049E /* Products */;
			projectDirPath = "";
			projectRoot = "";
			targets = (
				AA73A12F241ED0930031049E /* WeatherApp */,
			);
		};
/* End PBXProject section */

/* Begin PBXResourcesBuildPhase section */
		AA73A12E241ED0930031049E /* Resources */ = {
			isa = PBXResourcesBuildPhase;
			buildActionMask = 2147483647;
			files = (
				AA0E80EF241FB8BA00433543 /* WeatherCell.xib in Resources */,
				AA73A143241ED0950031049E /* LaunchScreen.storyboard in Resources */,
				AA73A140241ED0950031049E /* Assets.xcassets in Resources */,
				AA73A13B241ED0930031049E /* Main.storyboard in Resources */,
			);
			runOnlyForDeploymentPostprocessing = 0;
		};
/* End PBXResourcesBuildPhase section */

/* Begin PBXShellScriptBuildPhase section */
		7079CAB21661695F4532D3F1 /* [CP] Check Pods Manifest.lock */ = {
			isa = PBXShellScriptBuildPhase;
			buildActionMask = 2147483647;
			files = (
			);
			inputFileListPaths = (
			);
			inputPaths = (
				"${PODS_PODFILE_DIR_PATH}/Podfile.lock",
				"${PODS_ROOT}/Manifest.lock",
			);
			name = "[CP] Check Pods Manifest.lock";
			outputFileListPaths = (
			);
			outputPaths = (
				"$(DERIVED_FILE_DIR)/Pods-WeatherApp-checkManifestLockResult.txt",
			);
			runOnlyForDeploymentPostprocessing = 0;
			shellPath = /bin/sh;
			shellScript = "diff \"${PODS_PODFILE_DIR_PATH}/Podfile.lock\" \"${PODS_ROOT}/Manifest.lock\" > /dev/null\nif [ $? != 0 ] ; then\n    # print error to STDERR\n    echo \"error: The sandbox is not in sync with the Podfile.lock. Run 'pod install' or update your CocoaPods installation.\" >&2\n    exit 1\nfi\n# This output is used by Xcode 'outputs' to avoid re-running this script phase.\necho \"SUCCESS\" > \"${SCRIPT_OUTPUT_FILE_0}\"\n";
			showEnvVarsInLog = 0;
		};
/* End PBXShellScriptBuildPhase section */

/* Begin PBXSourcesBuildPhase section */
		AA73A12C241ED0930031049E /* Sources */ = {
			isa = PBXSourcesBuildPhase;
			buildActionMask = 2147483647;
			files = (
				AA1264832420BC21001D6E1B /* Forecast.swift in Sources */,
				AA73A13E241ED0930031049E /* WeatherApp.xcdatamodeld in Sources */,
				AAF43346242411B500181362 /* Location.swift in Sources */,
				AA73A138241ED0930031049E /* MainVC.swift in Sources */,
				AA36609524212FA100FE2F84 /* Extension+Date.swift in Sources */,
				AA0E80EE241FB8BA00433543 /* WeatherCell.swift in Sources */,
				AAA3534B241FC3DB00AFB8C8 /* CurrentWeather.swift in Sources */,
				AA73A134241ED0930031049E /* AppDelegate.swift in Sources */,
				AA73A136241ED0930031049E /* SceneDelegate.swift in Sources */,
				AA0E80F2241FBD5A00433543 /* Constants.swift in Sources */,
			);
			runOnlyForDeploymentPostprocessing = 0;
		};
/* End PBXSourcesBuildPhase section */

/* Begin PBXVariantGroup section */
		AA73A139241ED0930031049E /* Main.storyboard */ = {
			isa = PBXVariantGroup;
			children = (
				AA73A13A241ED0930031049E /* Base */,
			);
			name = Main.storyboard;
			sourceTree = "<group>";
		};
		AA73A141241ED0950031049E /* LaunchScreen.storyboard */ = {
			isa = PBXVariantGroup;
			children = (
				AA73A142241ED0950031049E /* Base */,
			);
			name = LaunchScreen.storyboard;
			sourceTree = "<group>";
		};
/* End PBXVariantGroup section */

/* Begin XCBuildConfiguration section */
		AA73A145241ED0950031049E /* Debug */ = {
			isa = XCBuildConfiguration;
			buildSettings = {
				ALWAYS_SEARCH_USER_PATHS = NO;
				CLANG_ANALYZER_NONNULL = YES;
				CLANG_ANALYZER_NUMBER_OBJECT_CONVERSION = YES_AGGRESSIVE;
				CLANG_CXX_LANGUAGE_STANDARD = "gnu++14";
				CLANG_CXX_LIBRARY = "libc++";
				CLANG_ENABLE_MODULES = YES;
				CLANG_ENABLE_OBJC_ARC = YES;
				CLANG_ENABLE_OBJC_WEAK = YES;
				CLANG_WARN_BLOCK_CAPTURE_AUTORELEASING = YES;
				CLANG_WARN_BOOL_CONVERSION = YES;
				CLANG_WARN_COMMA = YES;
				CLANG_WARN_CONSTANT_CONVERSION = YES;
				CLANG_WARN_DEPRECATED_OBJC_IMPLEMENTATIONS = YES;
				CLANG_WARN_DIRECT_OBJC_ISA_USAGE = YES_ERROR;
				CLANG_WARN_DOCUMENTATION_COMMENTS = YES;
				CLANG_WARN_EMPTY_BODY = YES;
				CLANG_WARN_ENUM_CONVERSION = YES;
				CLANG_WARN_INFINITE_RECURSION = YES;
				CLANG_WARN_INT_CONVERSION = YES;
				CLANG_WARN_NON_LITERAL_NULL_CONVERSION = YES;
				CLANG_WARN_OBJC_IMPLICIT_RETAIN_SELF = YES;
				CLANG_WARN_OBJC_LITERAL_CONVERSION = YES;
				CLANG_WARN_OBJC_ROOT_CLASS = YES_ERROR;
				CLANG_WARN_RANGE_LOOP_ANALYSIS = YES;
				CLANG_WARN_STRICT_PROTOTYPES = YES;
				CLANG_WARN_SUSPICIOUS_MOVE = YES;
				CLANG_WARN_UNGUARDED_AVAILABILITY = YES_AGGRESSIVE;
				CLANG_WARN_UNREACHABLE_CODE = YES;
				CLANG_WARN__DUPLICATE_METHOD_MATCH = YES;
				COPY_PHASE_STRIP = NO;
				DEBUG_INFORMATION_FORMAT = dwarf;
				ENABLE_STRICT_OBJC_MSGSEND = YES;
				ENABLE_TESTABILITY = YES;
				GCC_C_LANGUAGE_STANDARD = gnu11;
				GCC_DYNAMIC_NO_PIC = NO;
				GCC_NO_COMMON_BLOCKS = YES;
				GCC_OPTIMIZATION_LEVEL = 0;
				GCC_PREPROCESSOR_DEFINITIONS = (
					"DEBUG=1",
					"$(inherited)",
				);
				GCC_WARN_64_TO_32_BIT_CONVERSION = YES;
				GCC_WARN_ABOUT_RETURN_TYPE = YES_ERROR;
				GCC_WARN_UNDECLARED_SELECTOR = YES;
				GCC_WARN_UNINITIALIZED_AUTOS = YES_AGGRESSIVE;
				GCC_WARN_UNUSED_FUNCTION = YES;
				GCC_WARN_UNUSED_VARIABLE = YES;
				IPHONEOS_DEPLOYMENT_TARGET = 13.2;
				MTL_ENABLE_DEBUG_INFO = INCLUDE_SOURCE;
				MTL_FAST_MATH = YES;
				ONLY_ACTIVE_ARCH = YES;
				SDKROOT = iphoneos;
				SWIFT_ACTIVE_COMPILATION_CONDITIONS = DEBUG;
				SWIFT_OPTIMIZATION_LEVEL = "-Onone";
			};
			name = Debug;
		};
		AA73A146241ED0950031049E /* Release */ = {
			isa = XCBuildConfiguration;
			buildSettings = {
				ALWAYS_SEARCH_USER_PATHS = NO;
				CLANG_ANALYZER_NONNULL = YES;
				CLANG_ANALYZER_NUMBER_OBJECT_CONVERSION = YES_AGGRESSIVE;
				CLANG_CXX_LANGUAGE_STANDARD = "gnu++14";
				CLANG_CXX_LIBRARY = "libc++";
				CLANG_ENABLE_MODULES = YES;
				CLANG_ENABLE_OBJC_ARC = YES;
				CLANG_ENABLE_OBJC_WEAK = YES;
				CLANG_WARN_BLOCK_CAPTURE_AUTORELEASING = YES;
				CLANG_WARN_BOOL_CONVERSION = YES;
				CLANG_WARN_COMMA = YES;
				CLANG_WARN_CONSTANT_CONVERSION = YES;
				CLANG_WARN_DEPRECATED_OBJC_IMPLEMENTATIONS = YES;
				CLANG_WARN_DIRECT_OBJC_ISA_USAGE = YES_ERROR;
				CLANG_WARN_DOCUMENTATION_COMMENTS = YES;
				CLANG_WARN_EMPTY_BODY = YES;
				CLANG_WARN_ENUM_CONVERSION = YES;
				CLANG_WARN_INFINITE_RECURSION = YES;
				CLANG_WARN_INT_CONVERSION = YES;
				CLANG_WARN_NON_LITERAL_NULL_CONVERSION = YES;
				CLANG_WARN_OBJC_IMPLICIT_RETAIN_SELF = YES;
				CLANG_WARN_OBJC_LITERAL_CONVERSION = YES;
				CLANG_WARN_OBJC_ROOT_CLASS = YES_ERROR;
				CLANG_WARN_RANGE_LOOP_ANALYSIS = YES;
				CLANG_WARN_STRICT_PROTOTYPES = YES;
				CLANG_WARN_SUSPICIOUS_MOVE = YES;
				CLANG_WARN_UNGUARDED_AVAILABILITY = YES_AGGRESSIVE;
				CLANG_WARN_UNREACHABLE_CODE = YES;
				CLANG_WARN__DUPLICATE_METHOD_MATCH = YES;
				COPY_PHASE_STRIP = NO;
				DEBUG_INFORMATION_FORMAT = "dwarf-with-dsym";
				ENABLE_NS_ASSERTIONS = NO;
				ENABLE_STRICT_OBJC_MSGSEND = YES;
				GCC_C_LANGUAGE_STANDARD = gnu11;
				GCC_NO_COMMON_BLOCKS = YES;
				GCC_WARN_64_TO_32_BIT_CONVERSION = YES;
				GCC_WARN_ABOUT_RETURN_TYPE = YES_ERROR;
				GCC_WARN_UNDECLARED_SELECTOR = YES;
				GCC_WARN_UNINITIALIZED_AUTOS = YES_AGGRESSIVE;
				GCC_WARN_UNUSED_FUNCTION = YES;
				GCC_WARN_UNUSED_VARIABLE = YES;
				IPHONEOS_DEPLOYMENT_TARGET = 13.2;
				MTL_ENABLE_DEBUG_INFO = NO;
				MTL_FAST_MATH = YES;
				SDKROOT = iphoneos;
				SWIFT_COMPILATION_MODE = wholemodule;
				SWIFT_OPTIMIZATION_LEVEL = "-O";
				VALIDATE_PRODUCT = YES;
			};
			name = Release;
		};
		AA73A148241ED0950031049E /* Debug */ = {
			isa = XCBuildConfiguration;
			baseConfigurationReference = 80C3A7981E6E554A0B0CAC9C /* Pods-WeatherApp.debug.xcconfig */;
			buildSettings = {
				ASSETCATALOG_COMPILER_APPICON_NAME = AppIcon;
				CODE_SIGN_STYLE = Automatic;
				DEVELOPMENT_TEAM = FD3V98V7H4;
				INFOPLIST_FILE = WeatherApp/Info.plist;
				LD_RUNPATH_SEARCH_PATHS = (
					"$(inherited)",
					"@executable_path/Frameworks",
				);
				PRODUCT_BUNDLE_IDENTIFIER = com.swiftovac.WeatherApp;
				PRODUCT_NAME = "$(TARGET_NAME)";
				SWIFT_VERSION = 5.0;
				TARGETED_DEVICE_FAMILY = "1,2";
			};
			name = Debug;
		};
		AA73A149241ED0950031049E /* Release */ = {
			isa = XCBuildConfiguration;
			baseConfigurationReference = A13766D59AFE10BDC382D2E5 /* Pods-WeatherApp.release.xcconfig */;
			buildSettings = {
				ASSETCATALOG_COMPILER_APPICON_NAME = AppIcon;
				CODE_SIGN_STYLE = Automatic;
				DEVELOPMENT_TEAM = FD3V98V7H4;
				INFOPLIST_FILE = WeatherApp/Info.plist;
				LD_RUNPATH_SEARCH_PATHS = (
					"$(inherited)",
					"@executable_path/Frameworks",
				);
				PRODUCT_BUNDLE_IDENTIFIER = com.swiftovac.WeatherApp;
				PRODUCT_NAME = "$(TARGET_NAME)";
				SWIFT_VERSION = 5.0;
				TARGETED_DEVICE_FAMILY = "1,2";
			};
			name = Release;
		};
/* End XCBuildConfiguration section */

/* Begin XCConfigurationList section */
		AA73A12B241ED0930031049E /* Build configuration list for PBXProject "WeatherApp" */ = {
			isa = XCConfigurationList;
			buildConfigurations = (
				AA73A145241ED0950031049E /* Debug */,
				AA73A146241ED0950031049E /* Release */,
			);
			defaultConfigurationIsVisible = 0;
			defaultConfigurationName = Release;
		};
		AA73A147241ED0950031049E /* Build configuration list for PBXNativeTarget "WeatherApp" */ = {
			isa = XCConfigurationList;
			buildConfigurations = (
				AA73A148241ED0950031049E /* Debug */,
				AA73A149241ED0950031049E /* Release */,
			);
			defaultConfigurationIsVisible = 0;
			defaultConfigurationName = Release;
		};
/* End XCConfigurationList section */

/* Begin XCVersionGroup section */
		AA73A13C241ED0930031049E /* WeatherApp.xcdatamodeld */ = {
			isa = XCVersionGroup;
			children = (
				AA73A13D241ED0930031049E /* WeatherApp.xcdatamodel */,
			);
			currentVersion = AA73A13D241ED0930031049E /* WeatherApp.xcdatamodel */;
			path = WeatherApp.xcdatamodeld;
			sourceTree = "<group>";
			versionGroupType = wrapper.xcdatamodel;
		};
/* End XCVersionGroup section */
	};
	rootObject = AA73A128241ED0930031049E /* Project object */;
}
